# @generated by Move, please check-in and do not edit manually.

[move]
version = 2
manifest_digest = "79D6D4F171661499E720379ACB9FA2F0DA61FC672A7C75965696294B7D89835B"
deps_digest = "3C4103934B1E040BB6B23F1D610B4EF9F2F1166A50A104EADCF77467C004C600"
dependencies = [
  { name = "Sui" },
  { name = "e4c" },
]

[[move.package]]
name = "MoveStdlib"
source = { git = "https://github.com/MystenLabs/sui.git", rev = "framework/testnet", subdir = "crates/sui-framework/packages/move-stdlib" }

[[move.package]]
name = "Sui"
source = { git = "https://github.com/MystenLabs/sui.git", rev = "framework/testnet", subdir = "crates/sui-framework/packages/sui-framework" }

dependencies = [
  { name = "MoveStdlib" },
]

[[move.package]]
name = "e4c"
source = { local = "../e4c" }

dependencies = [
  { name = "Sui" },
]

[move.toolchain-version]
compiler-version = "1.25.1"
edition = "2024.beta"
flavor = "sui"

[env]

[env.testnet]
chain-id = "4c78adac"
original-published-id = "0xf57d78a136e649a88cf47b58e786ff2b5e27c79c0421cbeb8c1b8ddbebae053d"
latest-published-id = "0xf57d78a136e649a88cf47b58e786ff2b5e27c79c0421cbeb8c1b8ddbebae053d"
published-version = "1"
